
Microsoft Visual Studio Solution File, Format Version 12.00
Project("{FAE04EC0-301F-11D3-BF4B-00C04F79EFBC}") = "LingoLearn", "LingoLearn\LingoLearn.csproj", "{473ED825-DDE6-4592-8988-97C0D46DD5D5}"
EndProject
Project("{2150E333-8FDC-42A3-9474-1A3956D46DE8}") = "Api", "Api", "{02346E8D-98E8-4F06-9026-9E3DEAF47D7F}"
EndProject
Project("{2150E333-8FDC-42A3-9474-1A3956D46DE8}") = "Core", "Core", "{C30DE9EE-9078-4109-AAFD-789FA8950F39}"
EndProject
Project("{2150E333-8FDC-42A3-9474-1A3956D46DE8}") = "External", "External", "{4E0F64E4-3978-491F-8EFF-FD61DCB7E316}"
EndProject
Project("{FAE04EC0-301F-11D3-BF4B-00C04F79EFBC}") = "Domain", "Domain\Domain.csproj", "{A45D4E6C-9A27-45CA-BCF5-375CE46FDEE0}"
EndProject
Project("{FAE04EC0-301F-11D3-BF4B-00C04F79EFBC}") = "Application.Mobile", "Application.Mobile\Application.Mobile.csproj", "{FF579BA7-A8EB-42F7-BF3C-9CAFAF14607C}"
EndProject
Project("{FAE04EC0-301F-11D3-BF4B-00C04F79EFBC}") = "Application.Dashboard", "Application.Dashboard\Application.Dashboard.csproj", "{36D6C2AC-C03E-44F8-80E4-134106D87DB1}"
EndProject
Project("{FAE04EC0-301F-11D3-BF4B-00C04F79EFBC}") = "Application.Website", "Application.Website\Application.Website.csproj", "{79741612-6F3D-487F-94A7-5628CDC0098F}"
EndProject
Project("{FAE04EC0-301F-11D3-BF4B-00C04F79EFBC}") = "Persistence", "Persistence\Persistence.csproj", "{8CCD0178-6285-45AE-BADF-26A89D391C59}"
EndProject
Project("{FAE04EC0-301F-11D3-BF4B-00C04F79EFBC}") = "Infrastructure", "Infrastructure\Infrastructure.csproj", "{D19F82FA-6274-4086-BBD1-A5B5764B3973}"
EndProject
Project("{FAE04EC0-301F-11D3-BF4B-00C04F79EFBC}") = "Contracts", "Contracts\Contracts.csproj", "{F4E5C398-2B48-4A8A-91D8-478D0CFEB9BE}"
EndProject
Global
	GlobalSection(SolutionConfigurationPlatforms) = preSolution
		Debug|Any CPU = Debug|Any CPU
		Release|Any CPU = Release|Any CPU
	EndGlobalSection
	GlobalSection(ProjectConfigurationPlatforms) = postSolution
		{473ED825-DDE6-4592-8988-97C0D46DD5D5}.Debug|Any CPU.ActiveCfg = Debug|Any CPU
		{473ED825-DDE6-4592-8988-97C0D46DD5D5}.Debug|Any CPU.Build.0 = Debug|Any CPU
		{473ED825-DDE6-4592-8988-97C0D46DD5D5}.Release|Any CPU.ActiveCfg = Release|Any CPU
		{473ED825-DDE6-4592-8988-97C0D46DD5D5}.Release|Any CPU.Build.0 = Release|Any CPU
		{A45D4E6C-9A27-45CA-BCF5-375CE46FDEE0}.Debug|Any CPU.ActiveCfg = Debug|Any CPU
		{A45D4E6C-9A27-45CA-BCF5-375CE46FDEE0}.Debug|Any CPU.Build.0 = Debug|Any CPU
		{A45D4E6C-9A27-45CA-BCF5-375CE46FDEE0}.Release|Any CPU.ActiveCfg = Release|Any CPU
		{A45D4E6C-9A27-45CA-BCF5-375CE46FDEE0}.Release|Any CPU.Build.0 = Release|Any CPU
		{FF579BA7-A8EB-42F7-BF3C-9CAFAF14607C}.Debug|Any CPU.ActiveCfg = Debug|Any CPU
		{FF579BA7-A8EB-42F7-BF3C-9CAFAF14607C}.Debug|Any CPU.Build.0 = Debug|Any CPU
		{FF579BA7-A8EB-42F7-BF3C-9CAFAF14607C}.Release|Any CPU.ActiveCfg = Release|Any CPU
		{FF579BA7-A8EB-42F7-BF3C-9CAFAF14607C}.Release|Any CPU.Build.0 = Release|Any CPU
		{36D6C2AC-C03E-44F8-80E4-134106D87DB1}.Debug|Any CPU.ActiveCfg = Debug|Any CPU
		{36D6C2AC-C03E-44F8-80E4-134106D87DB1}.Debug|Any CPU.Build.0 = Debug|Any CPU
		{36D6C2AC-C03E-44F8-80E4-134106D87DB1}.Release|Any CPU.ActiveCfg = Release|Any CPU
		{36D6C2AC-C03E-44F8-80E4-134106D87DB1}.Release|Any CPU.Build.0 = Release|Any CPU
		{79741612-6F3D-487F-94A7-5628CDC0098F}.Debug|Any CPU.ActiveCfg = Debug|Any CPU
		{79741612-6F3D-487F-94A7-5628CDC0098F}.Debug|Any CPU.Build.0 = Debug|Any CPU
		{79741612-6F3D-487F-94A7-5628CDC0098F}.Release|Any CPU.ActiveCfg = Release|Any CPU
		{79741612-6F3D-487F-94A7-5628CDC0098F}.Release|Any CPU.Build.0 = Release|Any CPU
		{8CCD0178-6285-45AE-BADF-26A89D391C59}.Debug|Any CPU.ActiveCfg = Debug|Any CPU
		{8CCD0178-6285-45AE-BADF-26A89D391C59}.Debug|Any CPU.Build.0 = Debug|Any CPU
		{8CCD0178-6285-45AE-BADF-26A89D391C59}.Release|Any CPU.ActiveCfg = Release|Any CPU
		{8CCD0178-6285-45AE-BADF-26A89D391C59}.Release|Any CPU.Build.0 = Release|Any CPU
		{D19F82FA-6274-4086-BBD1-A5B5764B3973}.Debug|Any CPU.ActiveCfg = Debug|Any CPU
		{D19F82FA-6274-4086-BBD1-A5B5764B3973}.Debug|Any CPU.Build.0 = Debug|Any CPU
		{D19F82FA-6274-4086-BBD1-A5B5764B3973}.Release|Any CPU.ActiveCfg = Release|Any CPU
		{D19F82FA-6274-4086-BBD1-A5B5764B3973}.Release|Any CPU.Build.0 = Release|Any CPU
		{F4E5C398-2B48-4A8A-91D8-478D0CFEB9BE}.Debug|Any CPU.ActiveCfg = Debug|Any CPU
		{F4E5C398-2B48-4A8A-91D8-478D0CFEB9BE}.Debug|Any CPU.Build.0 = Debug|Any CPU
		{F4E5C398-2B48-4A8A-91D8-478D0CFEB9BE}.Release|Any CPU.ActiveCfg = Release|Any CPU
		{F4E5C398-2B48-4A8A-91D8-478D0CFEB9BE}.Release|Any CPU.Build.0 = Release|Any CPU
	EndGlobalSection
	GlobalSection(NestedProjects) = preSolution
		{473ED825-DDE6-4592-8988-97C0D46DD5D5} = {02346E8D-98E8-4F06-9026-9E3DEAF47D7F}
		{A45D4E6C-9A27-45CA-BCF5-375CE46FDEE0} = {C30DE9EE-9078-4109-AAFD-789FA8950F39}
		{FF579BA7-A8EB-42F7-BF3C-9CAFAF14607C} = {C30DE9EE-9078-4109-AAFD-789FA8950F39}
		{36D6C2AC-C03E-44F8-80E4-134106D87DB1} = {C30DE9EE-9078-4109-AAFD-789FA8950F39}
		{79741612-6F3D-487F-94A7-5628CDC0098F} = {C30DE9EE-9078-4109-AAFD-789FA8950F39}
		{8CCD0178-6285-45AE-BADF-26A89D391C59} = {4E0F64E4-3978-491F-8EFF-FD61DCB7E316}
		{D19F82FA-6274-4086-BBD1-A5B5764B3973} = {4E0F64E4-3978-491F-8EFF-FD61DCB7E316}
		{F4E5C398-2B48-4A8A-91D8-478D0CFEB9BE} = {4E0F64E4-3978-491F-8EFF-FD61DCB7E316}
	EndGlobalSection
EndGlobal
